// !$*UTF8*$!
{
	archiveVersion = 1;
	classes = {
	};
	objectVersion = 55;
	objects = {

/* Begin PBXBuildFile section */
		8CFC73B19A93690EA50474F4 /* Pods_EmasDevOps.framework in Frameworks */ = {isa = PBXBuildFile; fileRef = BD8EAC49E7806F84E4D00531 /* Pods_EmasDevOps.framework */; };
		F8F1FBAC2864648B008F2E2F /* AppDelegate.m in Sources */ = {isa = PBXBuildFile; fileRef = F8F1FBAB2864648B008F2E2F /* AppDelegate.m */; };
		F8F1FBAF2864648B008F2E2F /* SceneDelegate.m in Sources */ = {isa = PBXBuildFile; fileRef = F8F1FBAE2864648B008F2E2F /* SceneDelegate.m */; };
		F8F1FBB22864648B008F2E2F /* ViewController.m in Sources */ = {isa = PBXBuildFile; fileRef = F8F1FBB12864648B008F2E2F /* ViewController.m */; };
		F8F1FBB52864648B008F2E2F /* Main.storyboard in Resources */ = {isa = PBXBuildFile; fileRef = F8F1FBB32864648B008F2E2F /* Main.storyboard */; };
		F8F1FBB72864648E008F2E2F /* Assets.xcassets in Resources */ = {isa = PBXBuildFile; fileRef = F8F1FBB62864648E008F2E2F /* Assets.xcassets */; };
		F8F1FBBA2864648E008F2E2F /* LaunchScreen.storyboard in Resources */ = {isa = PBXBuildFile; fileRef = F8F1FBB82864648E008F2E2F /* LaunchScreen.storyboard */; };
		F8F1FBBD2864648E008F2E2F /* main.m in Sources */ = {isa = PBXBuildFile; fileRef = F8F1FBBC2864648E008F2E2F /* main.m */; };
/* End PBXBuildFile section */

/* Begin PBXFileReference section */
		145C0EBE201C4B498C86D0DE /* Pods-EmasDevOps.release.xcconfig */ = {isa = PBXFileReference; includeInIndex = 1; lastKnownFileType = text.xcconfig; name = "Pods-EmasDevOps.release.xcconfig"; path = "Target Support Files/Pods-EmasDevOps/Pods-EmasDevOps.release.xcconfig"; sourceTree = "<group>"; };
		7AB8B157A4C19C017B266FEC /* Pods-EmasDevOps.debug.xcconfig */ = {isa = PBXFileReference; includeInIndex = 1; lastKnownFileType = text.xcconfig; name = "Pods-EmasDevOps.debug.xcconfig"; path = "Target Support Files/Pods-EmasDevOps/Pods-EmasDevOps.debug.xcconfig"; sourceTree = "<group>"; };
		BD8EAC49E7806F84E4D00531 /* Pods_EmasDevOps.framework */ = {isa = PBXFileReference; explicitFileType = wrapper.framework; includeInIndex = 0; path = Pods_EmasDevOps.framework; sourceTree = BUILT_PRODUCTS_DIR; };
		F8F1FBA72864648B008F2E2F /* EmasDevOps.app */ = {isa = PBXFileReference; explicitFileType = wrapper.application; includeInIndex = 0; path = EmasDevOps.app; sourceTree = BUILT_PRODUCTS_DIR; };
		F8F1FBAA2864648B008F2E2F /* AppDelegate.h */ = {isa = PBXFileReference; lastKnownFileType = sourcecode.c.h; path = AppDelegate.h; sourceTree = "<group>"; };
		F8F1FBAB2864648B008F2E2F /* AppDelegate.m */ = {isa = PBXFileReference; lastKnownFileType = sourcecode.c.objc; path = AppDelegate.m; sourceTree = "<group>"; };
		F8F1FBAD2864648B008F2E2F /* SceneDelegate.h */ = {isa = PBXFileReference; lastKnownFileType = sourcecode.c.h; path = SceneDelegate.h; sourceTree = "<group>"; };
		F8F1FBAE2864648B008F2E2F /* SceneDelegate.m */ = {isa = PBXFileReference; lastKnownFileType = sourcecode.c.objc; path = SceneDelegate.m; sourceTree = "<group>"; };
		F8F1FBB02864648B008F2E2F /* ViewController.h */ = {isa = PBXFileReference; lastKnownFileType = sourcecode.c.h; path = ViewController.h; sourceTree = "<group>"; };
		F8F1FBB12864648B008F2E2F /* ViewController.m */ = {isa = PBXFileReference; lastKnownFileType = sourcecode.c.objc; path = ViewController.m; sourceTree = "<group>"; };
		F8F1FBB42864648B008F2E2F /* Base */ = {isa = PBXFileReference; lastKnownFileType = file.storyboard; name = Base; path = Base.lproj/Main.storyboard; sourceTree = "<group>"; };
		F8F1FBB62864648E008F2E2F /* Assets.xcassets */ = {isa = PBXFileReference; lastKnownFileType = folder.assetcatalog; path = Assets.xcassets; sourceTree = "<group>"; };
		F8F1FBB92864648E008F2E2F /* Base */ = {isa = PBXFileReference; lastKnownFileType = file.storyboard; name = Base; path = Base.lproj/LaunchScreen.storyboard; sourceTree = "<group>"; };
		F8F1FBBB2864648E008F2E2F /* Info.plist */ = {isa = PBXFileReference; lastKnownFileType = text.plist.xml; path = Info.plist; sourceTree = "<group>"; };
		F8F1FBBC2864648E008F2E2F /* main.m */ = {isa = PBXFileReference; lastKnownFileType = sourcecode.c.objc; path = main.m; sourceTree = "<group>"; };
/* End PBXFileReference section */

/* Begin PBXFrameworksBuildPhase section */
		F8F1FBA42864648B008F2E2F /* Frameworks */ = {
			isa = PBXFrameworksBuildPhase;
			buildActionMask = 2147483647;
			files = (
				8CFC73B19A93690EA50474F4 /* Pods_EmasDevOps.framework in Frameworks */,
			);
			runOnlyForDeploymentPostprocessing = 0;
		};
/* End PBXFrameworksBuildPhase section */

/* Begin PBXGroup section */
		11BF2A62488359FE93060EA0 /* Pods */ = {
			isa = PBXGroup;
			children = (
				7AB8B157A4C19C017B266FEC /* Pods-EmasDevOps.debug.xcconfig */,
				145C0EBE201C4B498C86D0DE /* Pods-EmasDevOps.release.xcconfig */,
			);
			name = Pods;
			path = Pods;
			sourceTree = "<group>";
		};
		D388EB3D04FB9E52E55F20DF /* Frameworks */ = {
			isa = PBXGroup;
			children = (
				BD8EAC49E7806F84E4D00531 /* Pods_EmasDevOps.framework */,
			);
			name = Frameworks;
			sourceTree = "<group>";
		};
		F8F1FB9E2864648B008F2E2F = {
			isa = PBXGroup;
			children = (
				F8F1FBA92864648B008F2E2F /* EmasDevOps */,
				F8F1FBA82864648B008F2E2F /* Products */,
				11BF2A62488359FE93060EA0 /* Pods */,
				D388EB3D04FB9E52E55F20DF /* Frameworks */,
			);
			sourceTree = "<group>";
		};
		F8F1FBA82864648B008F2E2F /* Products */ = {
			isa = PBXGroup;
			children = (
				F8F1FBA72864648B008F2E2F /* EmasDevOps.app */,
			);
			name = Products;
			sourceTree = "<group>";
		};
		F8F1FBA92864648B008F2E2F /* EmasDevOps */ = {
			isa = PBXGroup;
			children = (
				F8F1FBAA2864648B008F2E2F /* AppDelegate.h */,
				F8F1FBAB2864648B008F2E2F /* AppDelegate.m */,
				F8F1FBAD2864648B008F2E2F /* SceneDelegate.h */,
				F8F1FBAE2864648B008F2E2F /* SceneDelegate.m */,
				F8F1FBB02864648B008F2E2F /* ViewController.h */,
				F8F1FBB12864648B008F2E2F /* ViewController.m */,
				F8F1FBB32864648B008F2E2F /* Main.storyboard */,
				F8F1FBB62864648E008F2E2F /* Assets.xcassets */,
				F8F1FBB82864648E008F2E2F /* LaunchScreen.storyboard */,
				F8F1FBBB2864648E008F2E2F /* Info.plist */,
				F8F1FBBC2864648E008F2E2F /* main.m */,
			);
			path = EmasDevOps;
			sourceTree = "<group>";
		};
/* End PBXGroup section */

/* Begin PBXNativeTarget section */
		F8F1FBA62864648B008F2E2F /* EmasDevOps */ = {
			isa = PBXNativeTarget;
			buildConfigurationList = F8F1FBC02864648E008F2E2F /* Build configuration list for PBXNativeTarget "EmasDevOps" */;
			buildPhases = (
				1D0CD2BFBF991E4B622DB913 /* [CP] Check Pods Manifest.lock */,
				F8F1FBA32864648B008F2E2F /* Sources */,
				F8F1FBA42864648B008F2E2F /* Frameworks */,
				F8F1FBA52864648B008F2E2F /* Resources */,
				6937B142FF88F1B6FA397E78 /* [CP] Embed Pods Frameworks */,
			);
			buildRules = (
			);
			dependencies = (
			);
			name = EmasDevOps;
			productName = EmasDevOps;
			productReference = F8F1FBA72864648B008F2E2F /* EmasDevOps.app */;
			productType = "com.apple.product-type.application";
		};
/* End PBXNativeTarget section */

/* Begin PBXProject section */
		F8F1FB9F2864648B008F2E2F /* Project object */ = {
			isa = PBXProject;
			attributes = {
				BuildIndependentTargetsInParallel = 1;
				LastUpgradeCheck = 1330;
				TargetAttributes = {
					F8F1FBA62864648B008F2E2F = {
						CreatedOnToolsVersion = 13.3.1;
					};
				};
			};
			buildConfigurationList = F8F1FBA22864648B008F2E2F /* Build configuration list for PBXProject "EmasDevOps" */;
			compatibilityVersion = "Xcode 13.0";
			developmentRegion = en;
			hasScannedForEncodings = 0;
			knownRegions = (
				en,
				Base,
			);
			mainGroup = F8F1FB9E2864648B008F2E2F;
			productRefGroup = F8F1FBA82864648B008F2E2F /* Products */;
			projectDirPath = "";
			projectRoot = "";
			targets = (
				F8F1FBA62864648B008F2E2F /* EmasDevOps */,
			);
		};
/* End PBXProject section */

/* Begin PBXResourcesBuildPhase section */
		F8F1FBA52864648B008F2E2F /* Resources */ = {
			isa = PBXResourcesBuildPhase;
			buildActionMask = 2147483647;
			files = (
				F8F1FBBA2864648E008F2E2F /* LaunchScreen.storyboard in Resources */,
				F8F1FBB72864648E008F2E2F /* Assets.xcassets in Resources */,
				F8F1FBB52864648B008F2E2F /* Main.storyboard in Resources */,
			);
			runOnlyForDeploymentPostprocessing = 0;
		};
/* End PBXResourcesBuildPhase section */

/* Begin PBXShellScriptBuildPhase section */
		1D0CD2BFBF991E4B622DB913 /* [CP] Check Pods Manifest.lock */ = {
			isa = PBXShellScriptBuildPhase;
			buildActionMask = 2147483647;
			files = (
			);
			inputFileListPaths = (
			);
			inputPaths = (
				"${PODS_PODFILE_DIR_PATH}/Podfile.lock",
				"${PODS_ROOT}/Manifest.lock",
			);
			name = "[CP] Check Pods Manifest.lock";
			outputFileListPaths = (
			);
			outputPaths = (
				"$(DERIVED_FILE_DIR)/Pods-EmasDevOps-checkManifestLockResult.txt",
			);
			runOnlyForDeploymentPostprocessing = 0;
			shellPath = /bin/sh;
			shellScript = "diff \"${PODS_PODFILE_DIR_PATH}/Podfile.lock\" \"${PODS_ROOT}/Manifest.lock\" > /dev/null\nif [ $? != 0 ] ; then\n    # print error to STDERR\n    echo \"error: The sandbox is not in sync with the Podfile.lock. Run 'pod install' or update your CocoaPods installation.\" >&2\n    exit 1\nfi\n# This output is used by Xcode 'outputs' to avoid re-running this script phase.\necho \"SUCCESS\" > \"${SCRIPT_OUTPUT_FILE_0}\"\n";
			showEnvVarsInLog = 0;
		};
		6937B142FF88F1B6FA397E78 /* [CP] Embed Pods Frameworks */ = {
			isa = PBXShellScriptBuildPhase;
			buildActionMask = 2147483647;
			files = (
			);
			inputFileListPaths = (
				"${PODS_ROOT}/Target Support Files/Pods-EmasDevOps/Pods-EmasDevOps-frameworks-${CONFIGURATION}-input-files.xcfilelist",
			);
			name = "[CP] Embed Pods Frameworks";
			outputFileListPaths = (
				"${PODS_ROOT}/Target Support Files/Pods-EmasDevOps/Pods-EmasDevOps-frameworks-${CONFIGURATION}-output-files.xcfilelist",
			);
			runOnlyForDeploymentPostprocessing = 0;
			shellPath = /bin/sh;
			shellScript = "\"${PODS_ROOT}/Target Support Files/Pods-EmasDevOps/Pods-EmasDevOps-frameworks.sh\"\n";
			showEnvVarsInLog = 0;
		};
/* End PBXShellScriptBuildPhase section */

/* Begin PBXSourcesBuildPhase section */
		F8F1FBA32864648B008F2E2F /* Sources */ = {
			isa = PBXSourcesBuildPhase;
			buildActionMask = 2147483647;
			files = (
				F8F1FBB22864648B008F2E2F /* ViewController.m in Sources */,
				F8F1FBAC2864648B008F2E2F /* AppDelegate.m in Sources */,
				F8F1FBBD2864648E008F2E2F /* main.m in Sources */,
				F8F1FBAF2864648B008F2E2F /* SceneDelegate.m in Sources */,
			);
			runOnlyForDeploymentPostprocessing = 0;
		};
/* End PBXSourcesBuildPhase section */

/* Begin PBXVariantGroup section */
		F8F1FBB32864648B008F2E2F /* Main.storyboard */ = {
			isa = PBXVariantGroup;
			children = (
				F8F1FBB42864648B008F2E2F /* Base */,
			);
			name = Main.storyboard;
			sourceTree = "<group>";
		};
		F8F1FBB82864648E008F2E2F /* LaunchScreen.storyboard */ = {
			isa = PBXVariantGroup;
			children = (
				F8F1FBB92864648E008F2E2F /* Base */,
			);
			name = LaunchScreen.storyboard;
			sourceTree = "<group>";
		};
/* End PBXVariantGroup section */

/* Begin XCBuildConfiguration section */
		F8F1FBBE2864648E008F2E2F /* Debug */ = {
			isa = XCBuildConfiguration;
			buildSettings = {
				ALWAYS_SEARCH_USER_PATHS = NO;
				CLANG_ANALYZER_NONNULL = YES;
				CLANG_ANALYZER_NUMBER_OBJECT_CONVERSION = YES_AGGRESSIVE;
				CLANG_CXX_LANGUAGE_STANDARD = "gnu++17";
				CLANG_ENABLE_MODULES = YES;
				CLANG_ENABLE_OBJC_ARC = YES;
				CLANG_ENABLE_OBJC_WEAK = YES;
				CLANG_WARN_BLOCK_CAPTURE_AUTORELEASING = YES;
				CLANG_WARN_BOOL_CONVERSION = YES;
				CLANG_WARN_COMMA = YES;
				CLANG_WARN_CONSTANT_CONVERSION = YES;
				CLANG_WARN_DEPRECATED_OBJC_IMPLEMENTATIONS = YES;
				CLANG_WARN_DIRECT_OBJC_ISA_USAGE = YES_ERROR;
				CLANG_WARN_DOCUMENTATION_COMMENTS = YES;
				CLANG_WARN_EMPTY_BODY = YES;
				CLANG_WARN_ENUM_CONVERSION = YES;
				CLANG_WARN_INFINITE_RECURSION = YES;
				CLANG_WARN_INT_CONVERSION = YES;
				CLANG_WARN_NON_LITERAL_NULL_CONVERSION = YES;
				CLANG_WARN_OBJC_IMPLICIT_RETAIN_SELF = YES;
				CLANG_WARN_OBJC_LITERAL_CONVERSION = YES;
				CLANG_WARN_OBJC_ROOT_CLASS = YES_ERROR;
				CLANG_WARN_QUOTED_INCLUDE_IN_FRAMEWORK_HEADER = YES;
				CLANG_WARN_RANGE_LOOP_ANALYSIS = YES;
				CLANG_WARN_STRICT_PROTOTYPES = YES;
				CLANG_WARN_SUSPICIOUS_MOVE = YES;
				CLANG_WARN_UNGUARDED_AVAILABILITY = YES_AGGRESSIVE;
				CLANG_WARN_UNREACHABLE_CODE = YES;
				CLANG_WARN__DUPLICATE_METHOD_MATCH = YES;
				COPY_PHASE_STRIP = NO;
				DEBUG_INFORMATION_FORMAT = dwarf;
				ENABLE_STRICT_OBJC_MSGSEND = YES;
				ENABLE_TESTABILITY = YES;
				GCC_C_LANGUAGE_STANDARD = gnu11;
				GCC_DYNAMIC_NO_PIC = NO;
				GCC_NO_COMMON_BLOCKS = YES;
				GCC_OPTIMIZATION_LEVEL = 0;
				GCC_PREPROCESSOR_DEFINITIONS = (
					"DEBUG=1",
					"$(inherited)",
				);
				GCC_WARN_64_TO_32_BIT_CONVERSION = YES;
				GCC_WARN_ABOUT_RETURN_TYPE = YES_ERROR;
				GCC_WARN_UNDECLARED_SELECTOR = YES;
				GCC_WARN_UNINITIALIZED_AUTOS = YES_AGGRESSIVE;
				GCC_WARN_UNUSED_FUNCTION = YES;
				GCC_WARN_UNUSED_VARIABLE = YES;
				IPHONEOS_DEPLOYMENT_TARGET = 15.4;
				MTL_ENABLE_DEBUG_INFO = INCLUDE_SOURCE;
				MTL_FAST_MATH = YES;
				ONLY_ACTIVE_ARCH = YES;
				SDKROOT = iphoneos;
			};
			name = Debug;
		};
		F8F1FBBF2864648E008F2E2F /* Release */ = {
			isa = XCBuildConfiguration;
			buildSettings = {
				ALWAYS_SEARCH_USER_PATHS = NO;
				CLANG_ANALYZER_NONNULL = YES;
				CLANG_ANALYZER_NUMBER_OBJECT_CONVERSION = YES_AGGRESSIVE;
				CLANG_CXX_LANGUAGE_STANDARD = "gnu++17";
				CLANG_ENABLE_MODULES = YES;
				CLANG_ENABLE_OBJC_ARC = YES;
				CLANG_ENABLE_OBJC_WEAK = YES;
				CLANG_WARN_BLOCK_CAPTURE_AUTORELEASING = YES;
				CLANG_WARN_BOOL_CONVERSION = YES;
				CLANG_WARN_COMMA = YES;
				CLANG_WARN_CONSTANT_CONVERSION = YES;
				CLANG_WARN_DEPRECATED_OBJC_IMPLEMENTATIONS = YES;
				CLANG_WARN_DIRECT_OBJC_ISA_USAGE = YES_ERROR;
				CLANG_WARN_DOCUMENTATION_COMMENTS = YES;
				CLANG_WARN_EMPTY_BODY = YES;
				CLANG_WARN_ENUM_CONVERSION = YES;
				CLANG_WARN_INFINITE_RECURSION = YES;
				CLANG_WARN_INT_CONVERSION = YES;
				CLANG_WARN_NON_LITERAL_NULL_CONVERSION = YES;
				CLANG_WARN_OBJC_IMPLICIT_RETAIN_SELF = YES;
				CLANG_WARN_OBJC_LITERAL_CONVERSION = YES;
				CLANG_WARN_OBJC_ROOT_CLASS = YES_ERROR;
				CLANG_WARN_QUOTED_INCLUDE_IN_FRAMEWORK_HEADER = YES;
				CLANG_WARN_RANGE_LOOP_ANALYSIS = YES;
				CLANG_WARN_STRICT_PROTOTYPES = YES;
				CLANG_WARN_SUSPICIOUS_MOVE = YES;
				CLANG_WARN_UNGUARDED_AVAILABILITY = YES_AGGRESSIVE;
				CLANG_WARN_UNREACHABLE_CODE = YES;
				CLANG_WARN__DUPLICATE_METHOD_MATCH = YES;
				COPY_PHASE_STRIP = NO;
				DEBUG_INFORMATION_FORMAT = "dwarf-with-dsym";
				ENABLE_NS_ASSERTIONS = NO;
				ENABLE_STRICT_OBJC_MSGSEND = YES;
				GCC_C_LANGUAGE_STANDARD = gnu11;
				GCC_NO_COMMON_BLOCKS = YES;
				GCC_WARN_64_TO_32_BIT_CONVERSION = YES;
				GCC_WARN_ABOUT_RETURN_TYPE = YES_ERROR;
				GCC_WARN_UNDECLARED_SELECTOR = YES;
				GCC_WARN_UNINITIALIZED_AUTOS = YES_AGGRESSIVE;
				GCC_WARN_UNUSED_FUNCTION = YES;
				GCC_WARN_UNUSED_VARIABLE = YES;
				IPHONEOS_DEPLOYMENT_TARGET = 15.4;
				MTL_ENABLE_DEBUG_INFO = NO;
				MTL_FAST_MATH = YES;
				SDKROOT = iphoneos;
				VALIDATE_PRODUCT = YES;
			};
			name = Release;
		};
		F8F1FBC12864648E008F2E2F /* Debug */ = {
			isa = XCBuildConfiguration;
			baseConfigurationReference = 7AB8B157A4C19C017B266FEC /* Pods-EmasDevOps.debug.xcconfig */;
			buildSettings = {
				ASSETCATALOG_COMPILER_APPICON_NAME = AppIcon;
				ASSETCATALOG_COMPILER_GLOBAL_ACCENT_COLOR_NAME = AccentColor;
				CODE_SIGN_STYLE = Automatic;
				CURRENT_PROJECT_VERSION = 1;
				GENERATE_INFOPLIST_FILE = YES;
				INFOPLIST_FILE = EmasDevOps/Info.plist;
				INFOPLIST_KEY_UIApplicationSupportsIndirectInputEvents = YES;
				INFOPLIST_KEY_UILaunchStoryboardName = LaunchScreen;
				INFOPLIST_KEY_UIMainStoryboardFile = Main;
				INFOPLIST_KEY_UISupportedInterfaceOrientations_iPad = "UIInterfaceOrientationPortrait UIInterfaceOrientationPortraitUpsideDown UIInterfaceOrientationLandscapeLeft UIInterfaceOrientationLandscapeRight";
				INFOPLIST_KEY_UISupportedInterfaceOrientations_iPhone = "UIInterfaceOrientationPortrait UIInterfaceOrientationLandscapeLeft UIInterfaceOrientationLandscapeRight";
				LD_RUNPATH_SEARCH_PATHS = (
					"$(inherited)",
					"@executable_path/Frameworks",
				);
				MARKETING_VERSION = 1.0;
				PRODUCT_BUNDLE_IDENTIFIER = com.aliyun.emas.pocdemo.EmasDevOps;
				PRODUCT_NAME = "$(TARGET_NAME)";
				SWIFT_EMIT_LOC_STRINGS = YES;
				TARGETED_DEVICE_FAMILY = "1,2";
			};
			name = Debug;
		};
		F8F1FBC22864648E008F2E2F /* Release */ = {
			isa = XCBuildConfiguration;
			baseConfigurationReference = 145C0EBE201C4B498C86D0DE /* Pods-EmasDevOps.release.xcconfig */;
			buildSettings = {
				ASSETCATALOG_COMPILER_APPICON_NAME = AppIcon;
				ASSETCATALOG_COMPILER_GLOBAL_ACCENT_COLOR_NAME = AccentColor;
				CODE_SIGN_STYLE = Automatic;
				CURRENT_PROJECT_VERSION = 1;
				GENERATE_INFOPLIST_FILE = YES;
				INFOPLIST_FILE = EmasDevOps/Info.plist;
				INFOPLIST_KEY_UIApplicationSupportsIndirectInputEvents = YES;
				INFOPLIST_KEY_UILaunchStoryboardName = LaunchScreen;
				INFOPLIST_KEY_UIMainStoryboardFile = Main;
				INFOPLIST_KEY_UISupportedInterfaceOrientations_iPad = "UIInterfaceOrientationPortrait UIInterfaceOrientationPortraitUpsideDown UIInterfaceOrientationLandscapeLeft UIInterfaceOrientationLandscapeRight";
				INFOPLIST_KEY_UISupportedInterfaceOrientations_iPhone = "UIInterfaceOrientationPortrait UIInterfaceOrientationLandscapeLeft UIInterfaceOrientationLandscapeRight";
				LD_RUNPATH_SEARCH_PATHS = (
					"$(inherited)",
					"@executable_path/Frameworks",
				);
				MARKETING_VERSION = 1.0;
				PRODUCT_BUNDLE_IDENTIFIER = com.aliyun.emas.pocdemo.EmasDevOps;
				PRODUCT_NAME = "$(TARGET_NAME)";
				SWIFT_EMIT_LOC_STRINGS = YES;
				TARGETED_DEVICE_FAMILY = "1,2";
			};
			name = Release;
		};
/* End XCBuildConfiguration section */

/* Begin XCConfigurationList section */
		F8F1FBA22864648B008F2E2F /* Build configuration list for PBXProject "EmasDevOps" */ = {
			isa = XCConfigurationList;
			buildConfigurations = (
				F8F1FBBE2864648E008F2E2F /* Debug */,
				F8F1FBBF2864648E008F2E2F /* Release */,
			);
			defaultConfigurationIsVisible = 0;
			defaultConfigurationName = Release;
		};
		F8F1FBC02864648E008F2E2F /* Build configuration list for PBXNativeTarget "EmasDevOps" */ = {
			isa = XCConfigurationList;
			buildConfigurations = (
				F8F1FBC12864648E008F2E2F /* Debug */,
				F8F1FBC22864648E008F2E2F /* Release */,
			);
			defaultConfigurationIsVisible = 0;
			defaultConfigurationName = Release;
		};
/* End XCConfigurationList section */
	};
	rootObject = F8F1FB9F2864648B008F2E2F /* Project object */;
}
